{
  "name": "basement_observer",
  "version": "0.0.0",
  "lockfileVersion": 1,
  "requires": true,
  "dependencies": {
    "colors": {
      "version": "1.1.2",
      "resolved": "https://registry.npmjs.org/colors/-/colors-1.1.2.tgz",
      "integrity": "sha1-FopHAXVran9RoSzgyXv6KMCE7WM="
    },
    "config": {
      "version": "1.30.0",
      "resolved": "https://registry.npmjs.org/config/-/config-1.30.0.tgz",
      "integrity": "sha1-HWCp81NIoTwXV5jThOgaWhbDum4=",
      "requires": {
        "json5": "0.4.0",
        "os-homedir": "1.0.2"
      }
    },
    "core-util-is": {
      "version": "1.0.2",
      "resolved": "https://registry.npmjs.org/core-util-is/-/core-util-is-1.0.2.tgz",
      "integrity": "sha1-tf1UIgqivFq1eqtxQMlAdUUDwac="
    },
    "ds18x20": {
      "version": "0.2.0",
      "resolved": "https://registry.npmjs.org/ds18x20/-/ds18x20-0.2.0.tgz",
      "integrity": "sha1-D6zquTv78sZnDmB3yCoYjYqYWUE=",
      "requires": {
        "async": "0.2.10",
        "sandal": "1.0.1",
        "sync-exec": "0.5.0"
      },
      "dependencies": {
        "async": {
          "version": "0.2.10",
          "resolved": "https://registry.npmjs.org/async/-/async-0.2.10.tgz",
          "integrity": "sha1-trvgsGdLnXGXCMo43owjfLUmw9E="
        },
        "sandal": {
          "version": "1.0.1",
          "resolved": "https://registry.npmjs.org/sandal/-/sandal-1.0.1.tgz",
          "integrity": "sha1-qTPgtU+xTSwF/vc4mtVZzXqQ0c8="
        },
        "sync-exec": {
          "version": "0.5.0",
          "resolved": "https://registry.npmjs.org/sync-exec/-/sync-exec-0.5.0.tgz",
          "integrity": "sha1-P3JY5KW6FyRTgZCfpqb2z1BuFmE="
        }
      }
    },
    "inherits": {
      "version": "2.0.3",
      "resolved": "https://registry.npmjs.org/inherits/-/inherits-2.0.3.tgz",
      "integrity": "sha1-Yzwsg+PaQqUC9SRmAiSA9CCCYd4="
    },
    "isarray": {
      "version": "0.0.1",
      "resolved": "https://registry.npmjs.org/isarray/-/isarray-0.0.1.tgz",
      "integrity": "sha1-ihis/Kmo9Bd+Cav8YDiTmwXR7t8="
    },
    "json5": {
      "version": "0.4.0",
      "resolved": "https://registry.npmjs.org/json5/-/json5-0.4.0.tgz",
      "integrity": "sha1-BUNS5MTIDIbAkjh31EneF2pzLI0="
    },
    "mqtt": {
      "version": "0.3.13",
      "resolved": "https://registry.npmjs.org/mqtt/-/mqtt-0.3.13.tgz",
      "integrity": "sha1-9l++MjkBtmRCe0cWWEKNz6HVvuQ=",
      "requires": {
        "readable-stream": "1.0.34"
      }
    },
    "os-homedir": {
      "version": "1.0.2",
      "resolved": "https://registry.npmjs.org/os-homedir/-/os-homedir-1.0.2.tgz",
      "integrity": "sha1-/7xJiDNuDoM94MFox+8VISGqf7M="
    },
    "raspi-sensors": {
      "version": "0.2.11",
      "resolved": "https://registry.npmjs.org/raspi-sensors/-/raspi-sensors-0.2.11.tgz",
      "integrity": "sha1-Oj1A9U5CHuRmwlyal4SjQ42dN88="
    },
    "readable-stream": {
      "version": "1.0.34",
      "resolved": "https://registry.npmjs.org/readable-stream/-/readable-stream-1.0.34.tgz",
      "integrity": "sha1-Elgg40vIQtLyqq+v5MKRbuMsFXw=",
      "requires": {
        "core-util-is": "1.0.2",
        "inherits": "2.0.3",
        "isarray": "0.0.1",
        "string_decoder": "0.10.31"
      }
    },
    "string_decoder": {
      "version": "0.10.31",
      "resolved": "https://registry.npmjs.org/string_decoder/-/string_decoder-0.10.31.tgz",
      "integrity": "sha1-YuIDvEF2bGwoyfyEMB2rHFMQ+pQ="
    }
  }
}
